{
  "name": "d_js",
  "lockfileVersion": 3,
  "requires": true,
  "packages": {
    "": {
      "dependencies": {
        "libphonenumber-js": "^1.11.9"
      }
    },
    "node_modules/libphonenumber-js": {
      "version": "1.11.9",
      "resolved": "https://registry.npmjs.org/libphonenumber-js/-/libphonenumber-js-1.11.9.tgz",
      "integrity": "sha512-Zs5wf5HaWzW2/inlupe2tstl0I/Tbqo7lH20ZLr6Is58u7Dz2n+gRFGNlj9/gWxFvNfp9+YyDsiegjNhdixB9A==",
      "license": "MIT"
    }
  }
}
